{
    "_meta": {
        "hash": {
            "sha256": "28e27a22efc7d400d4408e22e77209812eae4ba245fe88c5486c6d3ec6ee9c40"
        },
        "pipfile-spec": 6,
        "requires": {
            "python_version": "3.8"
        },
        "sources": [
            {
                "name": "pypi",
                "url": "https://pypi.org/simple",
                "verify_ssl": true
            }
        ]
    },
    "default": {
        "astroid": {
            "hashes": [
                "sha256:0e14202810b30da1b735827f78f5157be2bbd4a7a59b7707ca0bfc2fb4c0063a",
                "sha256:413658a61eeca6202a59231abb473f932038fbcbf1666587f66d482083413a25"
            ],
            "markers": "python_full_version >= '3.8.0'",
            "version": "==3.2.4"
        },
        "certifi": {
            "hashes": [
                "sha256:1275f7a45be9464efc1173084eaa30f866fe2e47d389406136d332ed4967ec56",
                "sha256:b650d30f370c2b724812bee08008be0c4163b163ddaec3f2546c1caf65f191db"
            ],
            "markers": "python_version >= '3.6'",
            "version": "==2024.12.14"
        },
        "dill": {
            "hashes": [
                "sha256:468dff3b89520b474c0397703366b7b95eebe6303f108adf9b19da1f702be87a",
                "sha256:81aa267dddf68cbfe8029c42ca9ec6a4ab3b22371d1c450abc54422577b4512c"
            ],
            "markers": "python_version < '3.11'",
            "version": "==0.3.9"
        },
        "importlib-metadata": {
            "hashes": [
                "sha256:45e54197d28b7a7f1559e60b95e7c567032b602131fbd588f1497f47880aa68b",
                "sha256:71522656f0abace1d072b9e5481a48f07c138e00f079c38c8f883823f9c26bd7"
            ],
            "index": "pypi",
            "markers": "python_version >= '3.8'",
            "version": "==8.5.0"
        },
        "isort": {
            "hashes": [
                "sha256:48fdfcb9face5d58a4f6dde2e72a1fb8dcaf8ab26f95ab49fab84c2ddefb0109",
                "sha256:8ca5e72a8d85860d5a3fa69b8745237f2939afe12dbf656afbcb47fe72d947a6"
            ],
            "markers": "python_full_version >= '3.8.0'",
            "version": "==5.13.2"
        },
        "mccabe": {
            "hashes": [
                "sha256:348e0240c33b60bbdf4e523192ef919f28cb2c3d7d5c7794f74009290f236325",
                "sha256:6c2d30ab6be0e4a46919781807b4f0d834ebdd6c6e3dca0bda5a15f863427b6e"
            ],
            "markers": "python_version >= '3.6'",
            "version": "==0.7.0"
        },
        "numpy": {
            "hashes": [
                "sha256:04640dab83f7c6c85abf9cd729c5b65f1ebd0ccf9de90b270cd61935eef0197f",
                "sha256:1452241c290f3e2a312c137a9999cdbf63f78864d63c79039bda65ee86943f61",
                "sha256:222e40d0e2548690405b0b3c7b21d1169117391c2e82c378467ef9ab4c8f0da7",
                "sha256:2541312fbf09977f3b3ad449c4e5f4bb55d0dbf79226d7724211acc905049400",
                "sha256:31f13e25b4e304632a4619d0e0777662c2ffea99fcae2029556b17d8ff958aef",
                "sha256:4602244f345453db537be5314d3983dbf5834a9701b7723ec28923e2889e0bb2",
                "sha256:4979217d7de511a8d57f4b4b5b2b965f707768440c17cb70fbf254c4b225238d",
                "sha256:4c21decb6ea94057331e111a5bed9a79d335658c27ce2adb580fb4d54f2ad9bc",
                "sha256:6620c0acd41dbcb368610bb2f4d83145674040025e5536954782467100aa8835",
                "sha256:692f2e0f55794943c5bfff12b3f56f99af76f902fc47487bdfe97856de51a706",
                "sha256:7215847ce88a85ce39baf9e89070cb860c98fdddacbaa6c0da3ffb31b3350bd5",
                "sha256:79fc682a374c4a8ed08b331bef9c5f582585d1048fa6d80bc6c35bc384eee9b4",
                "sha256:7ffe43c74893dbf38c2b0a1f5428760a1a9c98285553c89e12d70a96a7f3a4d6",
                "sha256:80f5e3a4e498641401868df4208b74581206afbee7cf7b8329daae82676d9463",
                "sha256:95f7ac6540e95bc440ad77f56e520da5bf877f87dca58bd095288dce8940532a",
                "sha256:9667575fb6d13c95f1b36aca12c5ee3356bf001b714fc354eb5465ce1609e62f",
                "sha256:a5425b114831d1e77e4b5d812b69d11d962e104095a5b9c3b641a218abcc050e",
                "sha256:b4bea75e47d9586d31e892a7401f76e909712a0fd510f58f5337bea9572c571e",
                "sha256:b7b1fc9864d7d39e28f41d089bfd6353cb5f27ecd9905348c24187a768c79694",
                "sha256:befe2bf740fd8373cf56149a5c23a0f601e82869598d41f8e188a0e9869926f8",
                "sha256:c0bfb52d2169d58c1cdb8cc1f16989101639b34c7d3ce60ed70b19c63eba0b64",
                "sha256:d11efb4dbecbdf22508d55e48d9c8384db795e1b7b51ea735289ff96613ff74d",
                "sha256:dd80e219fd4c71fc3699fc1dadac5dcf4fd882bfc6f7ec53d30fa197b8ee22dc",
                "sha256:e2926dac25b313635e4d6cf4dc4e51c8c0ebfed60b801c799ffc4c32bf3d1254",
                "sha256:e98f220aa76ca2a977fe435f5b04d7b3470c0a2e6312907b37ba6068f26787f2",
                "sha256:ed094d4f0c177b1b8e7aa9cba7d6ceed51c0e569a5318ac0ca9a090680a6a1b1",
                "sha256:f136bab9c2cfd8da131132c2cf6cc27331dd6fae65f95f69dcd4ae3c3639c810",
                "sha256:f3a86ed21e4f87050382c7bc96571755193c4c1392490744ac73d660e8f564a9"
            ],
            "index": "pypi",
            "markers": "python_version >= '3.8'",
            "version": "==1.24.4"
        },
        "pandas": {
            "hashes": [
                "sha256:04dbdbaf2e4d46ca8da896e1805bc04eb85caa9a82e259e8eed00254d5e0c682",
                "sha256:1168574b036cd8b93abc746171c9b4f1b83467438a5e45909fed645cf8692dbc",
                "sha256:1994c789bf12a7c5098277fb43836ce090f1073858c10f9220998ac74f37c69b",
                "sha256:258d3624b3ae734490e4d63c430256e716f488c4fcb7c8e9bde2d3aa46c29089",
                "sha256:32fca2ee1b0d93dd71d979726b12b61faa06aeb93cf77468776287f41ff8fdc5",
                "sha256:37673e3bdf1551b95bf5d4ce372b37770f9529743d2498032439371fc7b7eb26",
                "sha256:3ef285093b4fe5058eefd756100a367f27029913760773c8bf1d2d8bebe5d210",
                "sha256:5247fb1ba347c1261cbbf0fcfba4a3121fbb4029d95d9ef4dc45406620b25c8b",
                "sha256:5ec591c48e29226bcbb316e0c1e9423622bc7a4eaf1ef7c3c9fa1a3981f89641",
                "sha256:694888a81198786f0e164ee3a581df7d505024fbb1f15202fc7db88a71d84ebd",
                "sha256:69d7f3884c95da3a31ef82b7618af5710dba95bb885ffab339aad925c3e8ce78",
                "sha256:6a21ab5c89dcbd57f78d0ae16630b090eec626360085a4148693def5452d8a6b",
                "sha256:81af086f4543c9d8bb128328b5d32e9986e0c84d3ee673a2ac6fb57fd14f755e",
                "sha256:9e4da0d45e7f34c069fe4d522359df7d23badf83abc1d1cef398895822d11061",
                "sha256:9eae3dc34fa1aa7772dd3fc60270d13ced7346fcbcfee017d3132ec625e23bb0",
                "sha256:9ee1a69328d5c36c98d8e74db06f4ad518a1840e8ccb94a4ba86920986bb617e",
                "sha256:b084b91d8d66ab19f5bb3256cbd5ea661848338301940e17f4492b2ce0801fe8",
                "sha256:b9cb1e14fdb546396b7e1b923ffaeeac24e4cedd14266c3497216dd4448e4f2d",
                "sha256:ba619e410a21d8c387a1ea6e8a0e49bb42216474436245718d7f2e88a2f8d7c0",
                "sha256:c02f372a88e0d17f36d3093a644c73cfc1788e876a7c4bcb4020a77512e2043c",
                "sha256:ce0c6f76a0f1ba361551f3e6dceaff06bde7514a374aa43e33b588ec10420183",
                "sha256:d9cd88488cceb7635aebb84809d087468eb33551097d600c6dad13602029c2df",
                "sha256:e4c7c9f27a4185304c7caf96dc7d91bc60bc162221152de697c98eb0b2648dd8",
                "sha256:f167beed68918d62bffb6ec64f2e1d8a7d297a038f86d4aed056b9493fca407f",
                "sha256:f3421a7afb1a43f7e38e82e844e2bca9a6d793d66c1a7f9f0ff39a795bbc5e02"
            ],
            "index": "pypi",
            "markers": "python_version >= '3.8'",
            "version": "==2.0.3"
        },
        "platformdirs": {
            "hashes": [
                "sha256:357fb2acbc885b0419afd3ce3ed34564c13c9b95c89360cd9563f73aa5e2b907",
                "sha256:73e575e1408ab8103900836b97580d5307456908a03e92031bab39e4554cc3fb"
            ],
            "markers": "python_version >= '3.8'",
            "version": "==4.3.6"
        },
        "polygon-api-client": {
            "hashes": [
                "sha256:5b0091613e0fd265d2f98e33e6d83b439ee412b3652d4fb6b898136559d60bc9",
                "sha256:c5b577697e7cc8eb4d72bf5f93876022c671147aff83e3bef408f1cb9917d3f8"
            ],
            "index": "pypi",
            "markers": "python_version >= '3.8' and python_version < '4.0'",
            "version": "==1.14.2"
        },
        "pylint": {
            "hashes": [
                "sha256:02f4aedeac91be69fb3b4bea997ce580a4ac68ce58b89eaefeaf06749df73f4b",
                "sha256:1b7a721b575eaeaa7d39db076b6e7743c993ea44f57979127c517c6c572c803e"
            ],
            "index": "pypi",
            "markers": "python_full_version >= '3.8.0'",
            "version": "==3.2.7"
        },
        "python-dateutil": {
            "hashes": [
                "sha256:37dd54208da7e1cd875388217d5e00ebd4179249f90fb72437e91a35459a0ad3",
                "sha256:a8b2bc7bffae282281c8140a97d3aa9c14da0b136dfe83f850eea9a5f7470427"
            ],
            "markers": "python_version >= '2.7' and python_version not in '3.0, 3.1, 3.2, 3.3'",
            "version": "==2.9.0.post0"
        },
        "pytz": {
            "hashes": [
                "sha256:2aa355083c50a0f93fa581709deac0c9ad65cca8a9e9beac660adcbd493c798a",
                "sha256:31c7c1817eb7fae7ca4b8c7ee50c72f93aa2dd863de768e1ef4245d426aa0725"
            ],
            "version": "==2024.2"
        },
        "six": {
            "hashes": [
                "sha256:4721f391ed90541fddacab5acf947aa0d3dc7d27b2e1e8eda2be8970586c3274",
                "sha256:ff70335d468e7eb6ec65b95b99d3a2836546063f63acc5171de367e834932a81"
            ],
            "markers": "python_version >= '2.7' and python_version not in '3.0, 3.1, 3.2, 3.3'",
            "version": "==1.17.0"
        },
        "tomli": {
            "hashes": [
                "sha256:023aa114dd824ade0100497eb2318602af309e5a55595f76b626d6d9f3b7b0a6",
                "sha256:02abe224de6ae62c19f090f68da4e27b10af2b93213d36cf44e6e1c5abd19fdd",
                "sha256:286f0ca2ffeeb5b9bd4fcc8d6c330534323ec51b2f52da063b11c502da16f30c",
                "sha256:2d0f2fdd22b02c6d81637a3c95f8cd77f995846af7414c5c4b8d0545afa1bc4b",
                "sha256:33580bccab0338d00994d7f16f4c4ec25b776af3ffaac1ed74e0b3fc95e885a8",
                "sha256:400e720fe168c0f8521520190686ef8ef033fb19fc493da09779e592861b78c6",
                "sha256:40741994320b232529c802f8bc86da4e1aa9f413db394617b9a256ae0f9a7f77",
                "sha256:465af0e0875402f1d226519c9904f37254b3045fc5084697cefb9bdde1ff99ff",
                "sha256:4a8f6e44de52d5e6c657c9fe83b562f5f4256d8ebbfe4ff922c495620a7f6cea",
                "sha256:4e340144ad7ae1533cb897d406382b4b6fede8890a03738ff1683af800d54192",
                "sha256:678e4fa69e4575eb77d103de3df8a895e1591b48e740211bd1067378c69e8249",
                "sha256:6972ca9c9cc9f0acaa56a8ca1ff51e7af152a9f87fb64623e31d5c83700080ee",
                "sha256:7fc04e92e1d624a4a63c76474610238576942d6b8950a2d7f908a340494e67e4",
                "sha256:889f80ef92701b9dbb224e49ec87c645ce5df3fa2cc548664eb8a25e03127a98",
                "sha256:8d57ca8095a641b8237d5b079147646153d22552f1c637fd3ba7f4b0b29167a8",
                "sha256:8dd28b3e155b80f4d54beb40a441d366adcfe740969820caf156c019fb5c7ec4",
                "sha256:9316dc65bed1684c9a98ee68759ceaed29d229e985297003e494aa825ebb0281",
                "sha256:a198f10c4d1b1375d7687bc25294306e551bf1abfa4eace6650070a5c1ae2744",
                "sha256:a38aa0308e754b0e3c67e344754dff64999ff9b513e691d0e786265c93583c69",
                "sha256:a92ef1a44547e894e2a17d24e7557a5e85a9e1d0048b0b5e7541f76c5032cb13",
                "sha256:ac065718db92ca818f8d6141b5f66369833d4a80a9d74435a268c52bdfa73140",
                "sha256:b82ebccc8c8a36f2094e969560a1b836758481f3dc360ce9a3277c65f374285e",
                "sha256:c954d2250168d28797dd4e3ac5cf812a406cd5a92674ee4c8f123c889786aa8e",
                "sha256:cb55c73c5f4408779d0cf3eef9f762b9c9f147a77de7b258bef0a5628adc85cc",
                "sha256:cd45e1dc79c835ce60f7404ec8119f2eb06d38b1deba146f07ced3bbc44505ff",
                "sha256:d3f5614314d758649ab2ab3a62d4f2004c825922f9e370b29416484086b264ec",
                "sha256:d920f33822747519673ee656a4b6ac33e382eca9d331c87770faa3eef562aeb2",
                "sha256:db2b95f9de79181805df90bedc5a5ab4c165e6ec3fe99f970d0e302f384ad222",
                "sha256:e59e304978767a54663af13c07b3d1af22ddee3bb2fb0618ca1593e4f593a106",
                "sha256:e85e99945e688e32d5a35c1ff38ed0b3f41f43fad8df0bdf79f72b2ba7bc5272",
                "sha256:ece47d672db52ac607a3d9599a9d48dcb2f2f735c6c2d1f34130085bb12b112a",
                "sha256:f4039b9cbc3048b2416cc57ab3bda989a6fcf9b36cf8937f01a6e731b64f80d7"
            ],
            "markers": "python_version < '3.11'",
            "version": "==2.2.1"
        },
        "tomlkit": {
            "hashes": [
                "sha256:7a974427f6e119197f670fbbbeae7bef749a6c14e793db934baefc1b5f03efde",
                "sha256:fff5fe59a87295b278abd31bec92c15d9bc4a06885ab12bcea52c71119392e79"
            ],
            "markers": "python_version >= '3.8'",
            "version": "==0.13.2"
        },
        "typing-extensions": {
            "hashes": [
                "sha256:04e5ca0351e0f3f85c6853954072df659d0d13fac324d0072316b67d7794700d",
                "sha256:1a7ead55c7e559dd4dee8856e3a88b41225abfe1ce8df57b7c13915fe121ffb8"
            ],
            "markers": "python_version < '3.10'",
            "version": "==4.12.2"
        },
        "tzdata": {
            "hashes": [
                "sha256:7d85cc416e9382e69095b7bdf4afd9e3880418a2413feec7069d533d6b4e31cc",
                "sha256:a48093786cdcde33cad18c2555e8532f34422074448fbc874186f0abd79565cd"
            ],
            "markers": "python_version >= '2'",
            "version": "==2024.2"
        },
        "urllib3": {
            "hashes": [
                "sha256:ca899ca043dcb1bafa3e262d73aa25c465bfb49e0bd9dd5d59f1d0acba2f8fac",
                "sha256:e7d814a81dad81e6caf2ec9fdedb284ecc9c73076b62654547cc64ccdcae26e9"
            ],
            "markers": "python_version >= '3.8'",
            "version": "==2.2.3"
        },
        "websockets": {
            "hashes": [
                "sha256:00700340c6c7ab788f176d118775202aadea7602c5cc6be6ae127761c16d6b0b",
                "sha256:0bee75f400895aef54157b36ed6d3b308fcab62e5260703add87f44cee9c82a6",
                "sha256:0e6e2711d5a8e6e482cacb927a49a3d432345dfe7dea8ace7b5790df5932e4df",
                "sha256:12743ab88ab2af1d17dd4acb4645677cb7063ef4db93abffbf164218a5d54c6b",
                "sha256:1a9d160fd080c6285e202327aba140fc9a0d910b09e423afff4ae5cbbf1c7205",
                "sha256:1bf386089178ea69d720f8db6199a0504a406209a0fc23e603b27b300fdd6892",
                "sha256:1df2fbd2c8a98d38a66f5238484405b8d1d16f929bb7a33ed73e4801222a6f53",
                "sha256:1e4b3f8ea6a9cfa8be8484c9221ec0257508e3a1ec43c36acdefb2a9c3b00aa2",
                "sha256:1f38a7b376117ef7aff996e737583172bdf535932c9ca021746573bce40165ed",
                "sha256:23509452b3bc38e3a057382c2e941d5ac2e01e251acce7adc74011d7d8de434c",
                "sha256:248d8e2446e13c1d4326e0a6a4e9629cb13a11195051a73acf414812700badbd",
                "sha256:25eb766c8ad27da0f79420b2af4b85d29914ba0edf69f547cc4f06ca6f1d403b",
                "sha256:27a5e9964ef509016759f2ef3f2c1e13f403725a5e6a1775555994966a66e931",
                "sha256:2c71bd45a777433dd9113847af751aae36e448bc6b8c361a566cb043eda6ec30",
                "sha256:2cb388a5bfb56df4d9a406783b7f9dbefb888c09b71629351cc6b036e9259370",
                "sha256:2d225bb6886591b1746b17c0573e29804619c8f755b5598d875bb4235ea639be",
                "sha256:2e5fc14ec6ea568200ea4ef46545073da81900a2b67b3e666f04adf53ad452ec",
                "sha256:363f57ca8bc8576195d0540c648aa58ac18cf85b76ad5202b9f976918f4219cf",
                "sha256:3c6cc1360c10c17463aadd29dd3af332d4a1adaa8796f6b0e9f9df1fdb0bad62",
                "sha256:3d829f975fc2e527a3ef2f9c8f25e553eb7bc779c6665e8e1d52aa22800bb38b",
                "sha256:3e3aa8c468af01d70332a382350ee95f6986db479ce7af14d5e81ec52aa2b402",
                "sha256:3f61726cae9f65b872502ff3c1496abc93ffbe31b278455c418492016e2afc8f",
                "sha256:423fc1ed29f7512fceb727e2d2aecb952c46aa34895e9ed96071821309951123",
                "sha256:46e71dbbd12850224243f5d2aeec90f0aaa0f2dde5aeeb8fc8df21e04d99eff9",
                "sha256:4d87be612cbef86f994178d5186add3d94e9f31cc3cb499a0482b866ec477603",
                "sha256:5693ef74233122f8ebab026817b1b37fe25c411ecfca084b29bc7d6efc548f45",
                "sha256:5aa9348186d79a5f232115ed3fa9020eab66d6c3437d72f9d2c8ac0c6858c558",
                "sha256:5d873c7de42dea355d73f170be0f23788cf3fa9f7bed718fd2830eefedce01b4",
                "sha256:5f6ffe2c6598f7f7207eef9a1228b6f5c818f9f4d53ee920aacd35cec8110438",
                "sha256:604428d1b87edbf02b233e2c207d7d528460fa978f9e391bd8aaf9c8311de137",
                "sha256:6350b14a40c95ddd53e775dbdbbbc59b124a5c8ecd6fbb09c2e52029f7a9f480",
                "sha256:6e2df67b8014767d0f785baa98393725739287684b9f8d8a1001eb2839031447",
                "sha256:6e96f5ed1b83a8ddb07909b45bd94833b0710f738115751cdaa9da1fb0cb66e8",
                "sha256:6e9e7db18b4539a29cc5ad8c8b252738a30e2b13f033c2d6e9d0549b45841c04",
                "sha256:70ec754cc2a769bcd218ed8d7209055667b30860ffecb8633a834dde27d6307c",
                "sha256:7b645f491f3c48d3f8a00d1fce07445fab7347fec54a3e65f0725d730d5b99cb",
                "sha256:7fa3d25e81bfe6a89718e9791128398a50dec6d57faf23770787ff441d851967",
                "sha256:81df9cbcbb6c260de1e007e58c011bfebe2dafc8435107b0537f393dd38c8b1b",
                "sha256:8572132c7be52632201a35f5e08348137f658e5ffd21f51f94572ca6c05ea81d",
                "sha256:87b4aafed34653e465eb77b7c93ef058516cb5acf3eb21e42f33928616172def",
                "sha256:8e332c210b14b57904869ca9f9bf4ca32f5427a03eeb625da9b616c85a3a506c",
                "sha256:9893d1aa45a7f8b3bc4510f6ccf8db8c3b62120917af15e3de247f0780294b92",
                "sha256:9edf3fc590cc2ec20dc9d7a45108b5bbaf21c0d89f9fd3fd1685e223771dc0b2",
                "sha256:9fdf06fd06c32205a07e47328ab49c40fc1407cdec801d698a7c41167ea45113",
                "sha256:a02413bc474feda2849c59ed2dfb2cddb4cd3d2f03a2fedec51d6e959d9b608b",
                "sha256:a1d9697f3337a89691e3bd8dc56dea45a6f6d975f92e7d5f773bc715c15dde28",
                "sha256:a571f035a47212288e3b3519944f6bf4ac7bc7553243e41eac50dd48552b6df7",
                "sha256:ab3d732ad50a4fbd04a4490ef08acd0517b6ae6b77eb967251f4c263011a990d",
                "sha256:ae0a5da8f35a5be197f328d4727dbcfafa53d1824fac3d96cdd3a642fe09394f",
                "sha256:b067cb952ce8bf40115f6c19f478dc71c5e719b7fbaa511359795dfd9d1a6468",
                "sha256:b2ee7288b85959797970114deae81ab41b731f19ebcd3bd499ae9ca0e3f1d2c8",
                "sha256:b81f90dcc6c85a9b7f29873beb56c94c85d6f0dac2ea8b60d995bd18bf3e2aae",
                "sha256:ba0cab91b3956dfa9f512147860783a1829a8d905ee218a9837c18f683239611",
                "sha256:baa386875b70cbd81798fa9f71be689c1bf484f65fd6fb08d051a0ee4e79924d",
                "sha256:bbe6013f9f791944ed31ca08b077e26249309639313fff132bfbf3ba105673b9",
                "sha256:bea88d71630c5900690fcb03161ab18f8f244805c59e2e0dc4ffadae0a7ee0ca",
                "sha256:befe90632d66caaf72e8b2ed4d7f02b348913813c8b0a32fae1cc5fe3730902f",
                "sha256:c3181df4583c4d3994d31fb235dc681d2aaad744fbdbf94c4802485ececdecf2",
                "sha256:c4e37d36f0d19f0a4413d3e18c0d03d0c268ada2061868c1e6f5ab1a6d575077",
                "sha256:c588f6abc13f78a67044c6b1273a99e1cf31038ad51815b3b016ce699f0d75c2",
                "sha256:cbe83a6bbdf207ff0541de01e11904827540aa069293696dd528a6640bd6a5f6",
                "sha256:d554236b2a2006e0ce16315c16eaa0d628dab009c33b63ea03f41c6107958374",
                "sha256:dbcf72a37f0b3316e993e13ecf32f10c0e1259c28ffd0a85cee26e8549595fbc",
                "sha256:dc284bbc8d7c78a6c69e0c7325ab46ee5e40bb4d50e494d8131a07ef47500e9e",
                "sha256:dff6cdf35e31d1315790149fee351f9e52978130cef6c87c4b6c9b3baf78bc53",
                "sha256:e469d01137942849cff40517c97a30a93ae79917752b34029f0ec72df6b46399",
                "sha256:eb809e816916a3b210bed3c82fb88eaf16e8afcf9c115ebb2bacede1797d2547",
                "sha256:ed2fcf7a07334c77fc8a230755c2209223a7cc44fc27597729b8ef5425aa61a3",
                "sha256:f44069528d45a933997a6fef143030d8ca8042f0dfaad753e2906398290e2870",
                "sha256:f764ba54e33daf20e167915edc443b6f88956f37fb606449b4a5b10ba42235a5",
                "sha256:fc4e7fa5414512b481a2483775a8e8be7803a35b30ca805afa4998a84f9fd9e8",
                "sha256:ffefa1374cd508d633646d51a8e9277763a9b78ae71324183693959cf94635a7"
            ],
            "markers": "python_version >= '3.8'",
            "version": "==12.0"
        },
        "zipp": {
            "hashes": [
                "sha256:a817ac80d6cf4b23bf7f2828b7cabf326f15a001bea8b1f9b49631780ba28350",
                "sha256:bc9eb26f4506fda01b81bcde0ca78103b6e62f991b381fec825435c836edbc29"
            ],
            "markers": "python_version >= '3.8'",
            "version": "==3.20.2"
        }
    },
    "develop": {}
}
